{
  "name": "recipes",
  "version": "1.0.0",
  "lockfileVersion": 1,
  "requires": true,
  "dependencies": {
    "@dammmien/statik": {
      "version": "1.0.0",
      "resolved": "https://npm.pkg.github.com/download/@dammmien/statik/1.0.0/05693dc5a8306078e0eed71ca2aab88f04a844ff0680442c9a5d7e616f6ad5a4",
      "integrity": "sha512-Mhyj+9grQvDjvpD4H8ZP20MlNNUYNL4YhRnOfB8mliSo5pBxMyJhhAxN+PntzAjCRuXrz8D7ek4d4dXWIxHXsw==",
      "requires": {
        "mustache": "^4.0.0"
      }
    },
    "mustache": {
      "version": "4.0.0",
      "resolved": "https://registry.npmjs.org/mustache/-/mustache-4.0.0.tgz",
      "integrity": "sha512-FJgjyX/IVkbXBXYUwH+OYwQKqWpFPLaLVESd70yHjSDunwzV2hZOoTBvPf4KLoxesUzzyfTH6F784Uqd7Wm5yA=="
    }
  }
}
