{
  "name": "recipes",
  "version": "1.0.0",
  "lockfileVersion": 1,
  "requires": true,
  "dependencies": {
    "mustache": {
      "version": "4.0.0",
      "resolved": "https://registry.npmjs.org/mustache/-/mustache-4.0.0.tgz",
      "integrity": "sha512-FJgjyX/IVkbXBXYUwH+OYwQKqWpFPLaLVESd70yHjSDunwzV2hZOoTBvPf4KLoxesUzzyfTH6F784Uqd7Wm5yA=="
    },
    "statik": {
      "version": "git+ssh://git@github.com/Dammmien/statik.git#167a016bb0879c0de5a1a9358c26db0acbc59e45",
      "from": "git+ssh://git@github.com/Dammmien/statik.git",
      "requires": {
        "mustache": "^4.0.0"
      }
    }
  }
}
